
Microsoft Visual Studio Solution File, Format Version 12.00
# Visual Studio Version 17
VisualStudioVersion = 17.0.31919.166
MinimumVisualStudioVersion = 10.0.40219.1
Project("{FAE04EC0-301F-11D3-BF4B-00C04F79EFBC}") = "DyeAndDurhamAssessment", "DyeAndDurhamAssessment\DyeAndDurhamAssessment.csproj", "{1131EC12-66D8-4B35-AF8F-897FBA14011C}"
EndProject
Project("{FAE04EC0-301F-11D3-BF4B-00C04F79EFBC}") = "AssessmentUnitTests", "AssessmentUnitTests\AssessmentUnitTests.csproj", "{4A0B41A4-4003-4AE3-A11E-B469327FAED5}"
EndProject
Global
	GlobalSection(SolutionConfigurationPlatforms) = preSolution
		Debug|Any CPU = Debug|Any CPU
		Release|Any CPU = Release|Any CPU
	EndGlobalSection
	GlobalSection(ProjectConfigurationPlatforms) = postSolution
		{1131EC12-66D8-4B35-AF8F-897FBA14011C}.Debug|Any CPU.ActiveCfg = Debug|Any CPU
		{1131EC12-66D8-4B35-AF8F-897FBA14011C}.Debug|Any CPU.Build.0 = Debug|Any CPU
		{1131EC12-66D8-4B35-AF8F-897FBA14011C}.Release|Any CPU.ActiveCfg = Release|Any CPU
		{1131EC12-66D8-4B35-AF8F-897FBA14011C}.Release|Any CPU.Build.0 = Release|Any CPU
		{4A0B41A4-4003-4AE3-A11E-B469327FAED5}.Debug|Any CPU.ActiveCfg = Debug|Any CPU
		{4A0B41A4-4003-4AE3-A11E-B469327FAED5}.Debug|Any CPU.Build.0 = Debug|Any CPU
		{4A0B41A4-4003-4AE3-A11E-B469327FAED5}.Release|Any CPU.ActiveCfg = Release|Any CPU
		{4A0B41A4-4003-4AE3-A11E-B469327FAED5}.Release|Any CPU.Build.0 = Release|Any CPU
	EndGlobalSection
	GlobalSection(SolutionProperties) = preSolution
		HideSolutionNode = FALSE
	EndGlobalSection
	GlobalSection(ExtensibilityGlobals) = postSolution
		SolutionGuid = {54219602-A446-46BF-9AF0-EC169278340C}
	EndGlobalSection
EndGlobal
